
Microsoft Visual Studio Solution File, Format Version 12.00
# Visual Studio 14
VisualStudioVersion = 14.0.23107.0
MinimumVisualStudioVersion = 10.0.40219.1
Project("{FAE04EC0-301F-11D3-BF4B-00C04F79EFBC}") = "OO.Bootcamp", "OO.Bootcamp\OO.Bootcamp.csproj", "{BCBCB3CD-CA83-4521-B1E5-EA4ED412B9DD}"
EndProject
Project("{FAE04EC0-301F-11D3-BF4B-00C04F79EFBC}") = "OO.Bootcamp.Tests", "OO.Bootcamp.Tests\OO.Bootcamp.Tests.csproj", "{FC802C9F-08CA-4F1B-9758-ADBFF86C5BAC}"
EndProject
Global
	GlobalSection(SolutionConfigurationPlatforms) = preSolution
		Debug|Any CPU = Debug|Any CPU
		Release|Any CPU = Release|Any CPU
	EndGlobalSection
	GlobalSection(ProjectConfigurationPlatforms) = postSolution
		{BCBCB3CD-CA83-4521-B1E5-EA4ED412B9DD}.Debug|Any CPU.ActiveCfg = Debug|Any CPU
		{BCBCB3CD-CA83-4521-B1E5-EA4ED412B9DD}.Debug|Any CPU.Build.0 = Debug|Any CPU
		{BCBCB3CD-CA83-4521-B1E5-EA4ED412B9DD}.Release|Any CPU.ActiveCfg = Release|Any CPU
		{BCBCB3CD-CA83-4521-B1E5-EA4ED412B9DD}.Release|Any CPU.Build.0 = Release|Any CPU
		{FC802C9F-08CA-4F1B-9758-ADBFF86C5BAC}.Debug|Any CPU.ActiveCfg = Debug|Any CPU
		{FC802C9F-08CA-4F1B-9758-ADBFF86C5BAC}.Debug|Any CPU.Build.0 = Debug|Any CPU
		{FC802C9F-08CA-4F1B-9758-ADBFF86C5BAC}.Release|Any CPU.ActiveCfg = Release|Any CPU
		{FC802C9F-08CA-4F1B-9758-ADBFF86C5BAC}.Release|Any CPU.Build.0 = Release|Any CPU
	EndGlobalSection
	GlobalSection(SolutionProperties) = preSolution
		HideSolutionNode = FALSE
	EndGlobalSection
EndGlobal
